<?xml version="1.0" encoding="utf-8"?>
<Project ToolsVersion="4.0" xmlns="http://schemas.microsoft.com/developer/msbuild/2003">
  <ItemGroup>
    <Filter Include="Source Files">
      <UniqueIdentifier>{4FC737F1-C7A5-4376-A066-2A32D752A2FF}</UniqueIdentifier>
      <Extensions>cpp;c;cc;cxx;def;odl;idl;hpj;bat;asm;asmx</Extensions>
    </Filter>
    <Filter Include="Header Files">
      <UniqueIdentifier>{93995380-89BD-4b04-88EB-625FBE52EBFB}</UniqueIdentifier>
      <Extensions>h;hh;hpp;hxx;hm;inl;inc;xsd</Extensions>
    </Filter>
    <Filter Include="Resource Files">
      <UniqueIdentifier>{67DA6AB6-F800-4c08-8B7A-83BB121AAD01}</UniqueIdentifier>
      <Extensions>rc;ico;cur;bmp;dlg;rc2;rct;bin;rgs;gif;jpg;jpeg;jpe;resx;tiff;tif;png;wav;mfcribbon-ms</Extensions>
    </Filter>
    <Filter Include="Textures">
      <UniqueIdentifier>{54cf5ec7-4f8c-4d6e-98db-c6ec6cc64f66}</UniqueIdentifier>
    </Filter>
    <Filter Include="Shaders">
      <UniqueIdentifier>{e19b1dff-342d-4d60-a07d-b2de476a5265}</UniqueIdentifier>
    </Filter>
    <Filter Include="Fonts">
      <UniqueIdentifier>{c24df226-3242-41c1-aaf8-d209a0342eab}</UniqueIdentifier>
    </Filter>
    <Filter Include="Source Files\Math">
      <UniqueIdentifier>{0e1af5b0-da5c-475e-811b-e2736e9ee8bf}</UniqueIdentifier>
    </Filter>
    <Filter Include="Source Files\Basic Geometry">
      <UniqueIdentifier>{c14acca4-3f50-44a8-9ee2-6fec34feb803}</UniqueIdentifier>
    </Filter>
    <Filter Include="Source Files\Libraries">
      <UniqueIdentifier>{be351b53-9e43-4cea-bb22-f67f87c63d37}</UniqueIdentifier>
    </Filter>
    <Filter Include="Models">
      <UniqueIdentifier>{a8cf4a07-6a91-480f-8528-9b75c567fa56}</UniqueIdentifier>
    </Filter>
  </ItemGroup>
  <ItemGroup>
    <ClCompile Include="main.cpp">
      <Filter>Source Files</Filter>
    </ClCompile>
    <ClCompile Include="Object.cpp">
      <Filter>Source Files</Filter>
    </ClCompile>
    <ClCompile Include="Game.cpp">
      <Filter>Source Files</Filter>
    </ClCompile>
    <ClCompile Include="IComponent.cpp">
      <Filter>Source Files</Filter>
    </ClCompile>
    <ClCompile Include="River.cpp">
      <Filter>Source Files</Filter>
    </ClCompile>
    <ClCompile Include="Road.cpp">
      <Filter>Source Files</Filter>
    </ClCompile>
    <ClCompile Include="MobileObj.cpp">
      <Filter>Source Files</Filter>
    </ClCompile>
    <ClCompile Include="Car.cpp">
      <Filter>Source Files</Filter>
    </ClCompile>
    <ClCompile Include="Frog.cpp">
      <Filter>Source Files</Filter>
    </ClCompile>
    <ClCompile Include="Camera.cpp">
      <Filter>Source Files</Filter>
    </ClCompile>
    <ClCompile Include="Bus.cpp">
      <Filter>Source Files</Filter>
    </ClCompile>
    <ClCompile Include="Turtle.cpp">
      <Filter>Source Files</Filter>
    </ClCompile>
    <ClCompile Include="FloatingLog.cpp">
      <Filter>Source Files</Filter>
    </ClCompile>
    <ClCompile Include="Manager.cpp">
      <Filter>Source Files</Filter>
    </ClCompile>
    <ClCompile Include="ManagerLight.cpp">
      <Filter>Source Files</Filter>
    </ClCompile>
    <ClCompile Include="ManagerObj.cpp">
      <Filter>Source Files</Filter>
    </ClCompile>
    <ClCompile Include="Light.cpp">
      <Filter>Source Files</Filter>
    </ClCompile>
    <ClCompile Include="Matrix.cpp">
      <Filter>Source Files\Math</Filter>
    </ClCompile>
    <ClCompile Include="Cube.cpp">
      <Filter>Source Files\Basic Geometry</Filter>
    </ClCompile>
    <ClCompile Include="Cylinder.cpp">
      <Filter>Source Files\Basic Geometry</Filter>
    </ClCompile>
    <ClCompile Include="Sphere.cpp">
      <Filter>Source Files\Basic Geometry</Filter>
    </ClCompile>
    <ClCompile Include="Torus.cpp">
      <Filter>Source Files\Basic Geometry</Filter>
    </ClCompile>
    <ClCompile Include="Vector.cpp">
      <Filter>Source Files\Math</Filter>
    </ClCompile>
    <ClCompile Include="vsShaderLib.cpp">
      <Filter>Source Files\Libraries</Filter>
    </ClCompile>
    <ClCompile Include="TGA.cpp">
      <Filter>Source Files\Libraries</Filter>
    </ClCompile>
    <ClCompile Include="FontLib.cpp">
      <Filter>Source Files\Libraries</Filter>
    </ClCompile>
    <ClCompile Include="BillboardObj.cpp">
      <Filter>Source Files</Filter>
    </ClCompile>
    <ClCompile Include="Quad.cpp">
      <Filter>Source Files\Basic Geometry</Filter>
    </ClCompile>
    <ClCompile Include="Tree.cpp">
      <Filter>Source Files</Filter>
    </ClCompile>
    <ClCompile Include="Models.cpp">
      <Filter>Source Files</Filter>
    </ClCompile>
    <ClCompile Include="textureLoader.cpp">
      <Filter>Source Files</Filter>
    </ClCompile>
    <ClCompile Include="Monkey.cpp">
      <Filter>Source Files</Filter>
    </ClCompile>
    <ClCompile Include="Flare.cpp">
      <Filter>Source Files</Filter>
    </ClCompile>
    <ClCompile Include="Particle.cpp">
      <Filter>Source Files</Filter>
    </ClCompile>
    <ClCompile Include="ParticleSystem.cpp">
      <Filter>Source Files</Filter>
    </ClCompile>
    <ClCompile Include="glbmp.c">
      <Filter>Source Files\Libraries</Filter>
    </ClCompile>
    <ClCompile Include="Skybox.cpp">
      <Filter>Source Files</Filter>
    </ClCompile>
    <ClCompile Include="MatrixStack.cpp">
      <Filter>Source Files\Math</Filter>
    </ClCompile>
  </ItemGroup>
  <ItemGroup>
    <Text Include="readme.txt" />
    <Text Include="flare.txt" />
  </ItemGroup>
  <ItemGroup>
    <ClInclude Include="Cube.h">
      <Filter>Header Files</Filter>
    </ClInclude>
    <ClInclude Include="Matrix.h">
      <Filter>Header Files</Filter>
    </ClInclude>
    <ClInclude Include="Object.h">
      <Filter>Header Files</Filter>
    </ClInclude>
    <ClInclude Include="Game.h">
      <Filter>Header Files</Filter>
    </ClInclude>
    <ClInclude Include="IComponent.h">
      <Filter>Header Files</Filter>
    </ClInclude>
    <ClInclude Include="River.h">
      <Filter>Header Files</Filter>
    </ClInclude>
    <ClInclude Include="Road.h">
      <Filter>Header Files</Filter>
    </ClInclude>
    <ClInclude Include="Sphere.h">
      <Filter>Header Files</Filter>
    </ClInclude>
    <ClInclude Include="MobileObj.h">
      <Filter>Header Files</Filter>
    </ClInclude>
    <ClInclude Include="Car.h">
      <Filter>Header Files</Filter>
    </ClInclude>
    <ClInclude Include="Frog.h">
      <Filter>Header Files</Filter>
    </ClInclude>
    <ClInclude Include="Camera.h">
      <Filter>Header Files</Filter>
    </ClInclude>
    <ClInclude Include="Bus.h">
      <Filter>Header Files</Filter>
    </ClInclude>
    <ClInclude Include="FloatingLog.h">
      <Filter>Header Files</Filter>
    </ClInclude>
    <ClInclude Include="Turtle.h">
      <Filter>Header Files</Filter>
    </ClInclude>
    <ClInclude Include="Manager.h">
      <Filter>Header Files</Filter>
    </ClInclude>
    <ClInclude Include="ManagerObj.h">
      <Filter>Header Files</Filter>
    </ClInclude>
    <ClInclude Include="ManagerLight.h">
      <Filter>Header Files</Filter>
    </ClInclude>
    <ClInclude Include="Torus.h">
      <Filter>Header Files</Filter>
    </ClInclude>
    <ClInclude Include="Cylinder.h">
      <Filter>Header Files</Filter>
    </ClInclude>
    <ClInclude Include="Vector.h">
      <Filter>Header Files</Filter>
    </ClInclude>
    <ClInclude Include="Light.h">
      <Filter>Header Files</Filter>
    </ClInclude>
    <ClInclude Include="vsShaderLib.h">
      <Filter>Header Files</Filter>
    </ClInclude>
    <ClInclude Include="TGA.h">
      <Filter>Header Files</Filter>
    </ClInclude>
    <ClInclude Include="FontLib.h">
      <Filter>Header Files</Filter>
    </ClInclude>
    <ClInclude Include="BillboardObj.h">
      <Filter>Header Files</Filter>
    </ClInclude>
    <ClInclude Include="Quad.h">
      <Filter>Header Files</Filter>
    </ClInclude>
    <ClInclude Include="Tree.h">
      <Filter>Header Files</Filter>
    </ClInclude>
    <ClInclude Include="Models.h">
      <Filter>Header Files</Filter>
    </ClInclude>
    <ClInclude Include="textureLoader.h">
      <Filter>Header Files</Filter>
    </ClInclude>
    <ClInclude Include="Monkey.h">
      <Filter>Header Files</Filter>
    </ClInclude>
    <ClInclude Include="Flare.h">
      <Filter>Header Files</Filter>
    </ClInclude>
    <ClInclude Include="Particle.h">
      <Filter>Header Files</Filter>
    </ClInclude>
    <ClInclude Include="PartycleSystem.h">
      <Filter>Header Files</Filter>
    </ClInclude>
    <ClInclude Include="glbmp.h">
      <Filter>Header Files</Filter>
    </ClInclude>
    <ClInclude Include="Skybox.h">
      <Filter>Header Files</Filter>
    </ClInclude>
    <ClInclude Include="MatrixStack.h">
      <Filter>Header Files</Filter>
    </ClInclude>
    <ClInclude Include="Stack.h">
      <Filter>Header Files</Filter>
    </ClInclude>
  </ItemGroup>
  <ItemGroup>
    <None Include="fontshade.frag">
      <Filter>Shaders</Filter>
    </None>
    <None Include="fontshade.vert">
      <Filter>Shaders</Filter>
    </None>
    <None Include="pointlight.frag">
      <Filter>Shaders</Filter>
    </None>
    <None Include="pointlight.vert">
      <Filter>Shaders</Filter>
    </None>
    <None Include="lensshade.frag">
      <Filter>Shaders</Filter>
    </None>
    <None Include="lensshade.vert">
      <Filter>Shaders</Filter>
    </None>
    <None Include="back.raw">
      <Filter>Textures</Filter>
    </None>
    <None Include="crcl.raw">
      <Filter>Textures</Filter>
    </None>
    <None Include="flar.raw">
      <Filter>Textures</Filter>
    </None>
    <None Include="hxgn.raw">
      <Filter>Textures</Filter>
    </None>
    <None Include="ring.raw">
      <Filter>Textures</Filter>
    </None>
    <None Include="sun.raw">
      <Filter>Textures</Filter>
    </None>
  </ItemGroup>
  <ItemGroup>
    <Image Include="grass.tga">
      <Filter>Textures</Filter>
    </Image>
    <Image Include="water.tga">
      <Filter>Textures</Filter>
    </Image>
    <Image Include="tree.tga">
      <Filter>Textures</Filter>
    </Image>
    <Image Include="ground.tga">
      <Filter>Textures</Filter>
    </Image>
    <Image Include="arial.tga">
      <Filter>Fonts</Filter>
    </Image>
    <Image Include="particula.bmp">
      <Filter>Textures</Filter>
    </Image>
    <Image Include="particle.tga">
      <Filter>Textures</Filter>
    </Image>
    <Image Include="flame.tga">
      <Filter>Textures</Filter>
    </Image>
    <Image Include="backScaledV3.bmp">
      <Filter>Textures</Filter>
    </Image>
    <Image Include="frontScaledV3.bmp">
      <Filter>Textures</Filter>
    </Image>
    <Image Include="leftScaledV3.bmp">
      <Filter>Textures</Filter>
    </Image>
    <Image Include="rightScaledV3.bmp">
      <Filter>Textures</Filter>
    </Image>
    <Image Include="topScaledV3.bmp">
      <Filter>Textures</Filter>
    </Image>
  </ItemGroup>
  <ItemGroup>
    <Xml Include="arial.xml">
      <Filter>Fonts</Filter>
    </Xml>
  </ItemGroup>
</Project>